
Microsoft Visual Studio Solution File, Format Version 12.00
# Visual Studio 2012
Project("{FAE04EC0-301F-11D3-BF4B-00C04F79EFBC}") = "CardEngine", "CardEngine\CardEngine.csproj", "{C81F7E70-A631-4942-B77D-ECD471289EFF}"
EndProject
Project("{FAE04EC0-301F-11D3-BF4B-00C04F79EFBC}") = "Manaleska", "Manaleska\Manaleska.csproj", "{9BB1ADF1-22DF-426C-8EEC-0CA2B03284BE}"
EndProject
Global
	GlobalSection(SolutionConfigurationPlatforms) = preSolution
		Debug|Any CPU = Debug|Any CPU
		Debug|Mixed Platforms = Debug|Mixed Platforms
		Debug|x86 = Debug|x86
		Release|Any CPU = Release|Any CPU
		Release|Mixed Platforms = Release|Mixed Platforms
		Release|x86 = Release|x86
	EndGlobalSection
	GlobalSection(ProjectConfigurationPlatforms) = postSolution
		{C81F7E70-A631-4942-B77D-ECD471289EFF}.Debug|Any CPU.ActiveCfg = Debug|Any CPU
		{C81F7E70-A631-4942-B77D-ECD471289EFF}.Debug|Any CPU.Build.0 = Debug|Any CPU
		{C81F7E70-A631-4942-B77D-ECD471289EFF}.Debug|Mixed Platforms.ActiveCfg = Debug|Any CPU
		{C81F7E70-A631-4942-B77D-ECD471289EFF}.Debug|Mixed Platforms.Build.0 = Debug|Any CPU
		{C81F7E70-A631-4942-B77D-ECD471289EFF}.Debug|x86.ActiveCfg = Debug|Any CPU
		{C81F7E70-A631-4942-B77D-ECD471289EFF}.Release|Any CPU.ActiveCfg = Release|Any CPU
		{C81F7E70-A631-4942-B77D-ECD471289EFF}.Release|Any CPU.Build.0 = Release|Any CPU
		{C81F7E70-A631-4942-B77D-ECD471289EFF}.Release|Mixed Platforms.ActiveCfg = Release|Any CPU
		{C81F7E70-A631-4942-B77D-ECD471289EFF}.Release|Mixed Platforms.Build.0 = Release|Any CPU
		{C81F7E70-A631-4942-B77D-ECD471289EFF}.Release|x86.ActiveCfg = Release|Any CPU
		{9BB1ADF1-22DF-426C-8EEC-0CA2B03284BE}.Debug|Any CPU.ActiveCfg = Debug|x86
		{9BB1ADF1-22DF-426C-8EEC-0CA2B03284BE}.Debug|Mixed Platforms.ActiveCfg = Debug|x86
		{9BB1ADF1-22DF-426C-8EEC-0CA2B03284BE}.Debug|Mixed Platforms.Build.0 = Debug|x86
		{9BB1ADF1-22DF-426C-8EEC-0CA2B03284BE}.Debug|x86.ActiveCfg = Debug|x86
		{9BB1ADF1-22DF-426C-8EEC-0CA2B03284BE}.Debug|x86.Build.0 = Debug|x86
		{9BB1ADF1-22DF-426C-8EEC-0CA2B03284BE}.Release|Any CPU.ActiveCfg = Release|x86
		{9BB1ADF1-22DF-426C-8EEC-0CA2B03284BE}.Release|Mixed Platforms.ActiveCfg = Release|x86
		{9BB1ADF1-22DF-426C-8EEC-0CA2B03284BE}.Release|Mixed Platforms.Build.0 = Release|x86
		{9BB1ADF1-22DF-426C-8EEC-0CA2B03284BE}.Release|x86.ActiveCfg = Release|x86
		{9BB1ADF1-22DF-426C-8EEC-0CA2B03284BE}.Release|x86.Build.0 = Release|x86
	EndGlobalSection
	GlobalSection(SolutionProperties) = preSolution
		HideSolutionNode = FALSE
	EndGlobalSection
EndGlobal
