
Microsoft Visual Studio Solution File, Format Version 12.00
# Visual Studio 2012
Project("{FAE04EC0-301F-11D3-BF4B-00C04F79EFBC}") = "CardEngine", "CardEngine\CardEngine.csproj", "{C81F7E70-A631-4942-B77D-ECD471289EFF}"
EndProject
Global
	GlobalSection(SolutionConfigurationPlatforms) = preSolution
		Debug|Any CPU = Debug|Any CPU
		Release|Any CPU = Release|Any CPU
	EndGlobalSection
	GlobalSection(ProjectConfigurationPlatforms) = postSolution
		{C81F7E70-A631-4942-B77D-ECD471289EFF}.Debug|Any CPU.ActiveCfg = Debug|Any CPU
		{C81F7E70-A631-4942-B77D-ECD471289EFF}.Debug|Any CPU.Build.0 = Debug|Any CPU
		{C81F7E70-A631-4942-B77D-ECD471289EFF}.Release|Any CPU.ActiveCfg = Release|Any CPU
		{C81F7E70-A631-4942-B77D-ECD471289EFF}.Release|Any CPU.Build.0 = Release|Any CPU
	EndGlobalSection
	GlobalSection(SolutionProperties) = preSolution
		HideSolutionNode = FALSE
	EndGlobalSection
EndGlobal
